// !$*UTF8*$!
{
	archiveVersion = 1;
	classes = {
	};
	objectVersion = 52;
	objects = {

/* Begin PBXBuildFile section */
		3498BC105AA600A21FBBED79 /* Pods_randika_perera_COBScComp191p_037Tests.framework in Frameworks */ = {isa = PBXBuildFile; fileRef = 51901AE845F6B4A5B6B08C1D /* Pods_randika_perera_COBScComp191p_037Tests.framework */; };
		580E25952517AA5200CF1C2D /* Update.storyboard in Resources */ = {isa = PBXBuildFile; fileRef = 580E25942517AA5200CF1C2D /* Update.storyboard */; };
		581FF4F42520668C00A70AFF /* DebugHelper.swift in Sources */ = {isa = PBXBuildFile; fileRef = 581FF4F32520668C00A70AFF /* DebugHelper.swift */; };
		581FF4F62520D01200A70AFF /* UpdateViewController.swift in Sources */ = {isa = PBXBuildFile; fileRef = 581FF4F52520D01200A70AFF /* UpdateViewController.swift */; };
		581FF4FB2520DEA600A70AFF /* UIViewControllerExtensions.swift in Sources */ = {isa = PBXBuildFile; fileRef = 581FF4FA2520DEA600A70AFF /* UIViewControllerExtensions.swift */; };
		58271943250DF601004224C0 /* AppDelegate.swift in Sources */ = {isa = PBXBuildFile; fileRef = 58271942250DF601004224C0 /* AppDelegate.swift */; };
		58271945250DF601004224C0 /* SceneDelegate.swift in Sources */ = {isa = PBXBuildFile; fileRef = 58271944250DF601004224C0 /* SceneDelegate.swift */; };
		58271947250DF601004224C0 /* ViewController.swift in Sources */ = {isa = PBXBuildFile; fileRef = 58271946250DF601004224C0 /* ViewController.swift */; };
		5827194A250DF601004224C0 /* Main.storyboard in Resources */ = {isa = PBXBuildFile; fileRef = 58271948250DF601004224C0 /* Main.storyboard */; };
		5827194C250DF606004224C0 /* Assets.xcassets in Resources */ = {isa = PBXBuildFile; fileRef = 5827194B250DF606004224C0 /* Assets.xcassets */; };
		5827194F250DF606004224C0 /* LaunchScreen.storyboard in Resources */ = {isa = PBXBuildFile; fileRef = 5827194D250DF606004224C0 /* LaunchScreen.storyboard */; };
		5827195A250DF606004224C0 /* randika_perera_COBScComp191p_037Tests.swift in Sources */ = {isa = PBXBuildFile; fileRef = 58271959250DF606004224C0 /* randika_perera_COBScComp191p_037Tests.swift */; };
		58271965250DF606004224C0 /* randika_perera_COBScComp191p_037UITests.swift in Sources */ = {isa = PBXBuildFile; fileRef = 58271964250DF606004224C0 /* randika_perera_COBScComp191p_037UITests.swift */; };
		586D9EA42522C313006629C4 /* SafeActions.storyboard in Resources */ = {isa = PBXBuildFile; fileRef = 586D9EA32522C313006629C4 /* SafeActions.storyboard */; };
		586D9EA62522FD25006629C4 /* NavTest.storyboard in Resources */ = {isa = PBXBuildFile; fileRef = 586D9EA52522FD25006629C4 /* NavTest.storyboard */; };
		586D9EA82522FD6E006629C4 /* NavTestViewController.swift in Sources */ = {isa = PBXBuildFile; fileRef = 586D9EA72522FD6E006629C4 /* NavTestViewController.swift */; };
		586D9EAA25230592006629C4 /* SafeActionsViewController.swift in Sources */ = {isa = PBXBuildFile; fileRef = 586D9EA925230592006629C4 /* SafeActionsViewController.swift */; };
		586DC1D52517652A00680A17 /* SettingsViewController.swift in Sources */ = {isa = PBXBuildFile; fileRef = 586DC1D42517652A00680A17 /* SettingsViewController.swift */; };
		586DC1D7251766C800680A17 /* Authentication.storyboard in Resources */ = {isa = PBXBuildFile; fileRef = 586DC1D6251766C800680A17 /* Authentication.storyboard */; };
		586DC1DC2517679200680A17 /* UserFunctions.swift in Sources */ = {isa = PBXBuildFile; fileRef = 586DC1DB2517679200680A17 /* UserFunctions.swift */; };
		586DC1DE25176BA500680A17 /* LogInViewController.swift in Sources */ = {isa = PBXBuildFile; fileRef = 586DC1DD25176BA500680A17 /* LogInViewController.swift */; };
		586DC1E025176FEE00680A17 /* SignUpViewController.swift in Sources */ = {isa = PBXBuildFile; fileRef = 586DC1DF25176FEE00680A17 /* SignUpViewController.swift */; };
		588068D625235D6E007B7C5E /* Notifications.storyboard in Resources */ = {isa = PBXBuildFile; fileRef = 588068D525235D6E007B7C5E /* Notifications.storyboard */; };
		588068D825235E1D007B7C5E /* NotificationsViewController.swift in Sources */ = {isa = PBXBuildFile; fileRef = 588068D725235E1D007B7C5E /* NotificationsViewController.swift */; };
		588068DD25239F59007B7C5E /* ProfileViewController.swift in Sources */ = {isa = PBXBuildFile; fileRef = 588068DC25239F59007B7C5E /* ProfileViewController.swift */; };
		588068DF2523B6F6007B7C5E /* Map.storyboard in Resources */ = {isa = PBXBuildFile; fileRef = 588068DE2523B6F6007B7C5E /* Map.storyboard */; };
		588068E12523B7AE007B7C5E /* MapViewController.swift in Sources */ = {isa = PBXBuildFile; fileRef = 588068E02523B7AE007B7C5E /* MapViewController.swift */; };
		58927A272517BE06009D22DF /* GoogleService-Info.plist in Resources */ = {isa = PBXBuildFile; fileRef = 58927A262517BE06009D22DF /* GoogleService-Info.plist */; };
		58C6E1D42520F2AA00BE3AF3 /* Toast in Frameworks */ = {isa = PBXBuildFile; productRef = 58C6E1D32520F2AA00BE3AF3 /* Toast */; };
		58C6E1D625228B5300BE3AF3 /* HomeViewController.swift in Sources */ = {isa = PBXBuildFile; fileRef = 58C6E1D525228B5300BE3AF3 /* HomeViewController.swift */; };
		58E96B722517B555009DEA88 /* Home.storyboard in Resources */ = {isa = PBXBuildFile; fileRef = 58E96B712517B555009DEA88 /* Home.storyboard */; };
		58E96B742517B5DD009DEA88 /* Settings.storyboard in Resources */ = {isa = PBXBuildFile; fileRef = 58E96B732517B5DD009DEA88 /* Settings.storyboard */; };
		9E6F27C802BF87F77031A0D0 /* AssetsUtils.swift in Sources */ = {isa = PBXBuildFile; fileRef = B05B6E15860423D00C29AF52 /* AssetsUtils.swift */; };
		C73985B7D9D9FDA29DF85A8B /* Pods_randika_perera_COBScComp191p_037.framework in Frameworks */ = {isa = PBXBuildFile; fileRef = BB4356E7C395603E2A7122FB /* Pods_randika_perera_COBScComp191p_037.framework */; };
		D29655D59A420FFEE1C286BC /* Pods_randika_perera_COBScComp191p_037_randika_perera_COBScComp191p_037UITests.framework in Frameworks */ = {isa = PBXBuildFile; fileRef = BEA58AE85C97E46959838BB8 /* Pods_randika_perera_COBScComp191p_037_randika_perera_COBScComp191p_037UITests.framework */; };
/* End PBXBuildFile section */

/* Begin PBXContainerItemProxy section */
		58271956250DF606004224C0 /* PBXContainerItemProxy */ = {
			isa = PBXContainerItemProxy;
			containerPortal = 58271937250DF601004224C0 /* Project object */;
			proxyType = 1;
			remoteGlobalIDString = 5827193E250DF601004224C0;
			remoteInfo = "randika_perera-COBScComp191p-037";
		};
		58271961250DF606004224C0 /* PBXContainerItemProxy */ = {
			isa = PBXContainerItemProxy;
			containerPortal = 58271937250DF601004224C0 /* Project object */;
			proxyType = 1;
			remoteGlobalIDString = 5827193E250DF601004224C0;
			remoteInfo = "randika_perera-COBScComp191p-037";
		};
/* End PBXContainerItemProxy section */

/* Begin PBXFileReference section */
		2A0CA137882535B573E3D947 /* Pods-randika_perera-COBScComp191p-037Tests.release.xcconfig */ = {isa = PBXFileReference; includeInIndex = 1; lastKnownFileType = text.xcconfig; name = "Pods-randika_perera-COBScComp191p-037Tests.release.xcconfig"; path = "Target Support Files/Pods-randika_perera-COBScComp191p-037Tests/Pods-randika_perera-COBScComp191p-037Tests.release.xcconfig"; sourceTree = "<group>"; };
		357CD09E81705EC9BAE5D7E9 /* Pods-randika_perera-COBScComp191p-037.release.xcconfig */ = {isa = PBXFileReference; includeInIndex = 1; lastKnownFileType = text.xcconfig; name = "Pods-randika_perera-COBScComp191p-037.release.xcconfig"; path = "Target Support Files/Pods-randika_perera-COBScComp191p-037/Pods-randika_perera-COBScComp191p-037.release.xcconfig"; sourceTree = "<group>"; };
		51901AE845F6B4A5B6B08C1D /* Pods_randika_perera_COBScComp191p_037Tests.framework */ = {isa = PBXFileReference; explicitFileType = wrapper.framework; includeInIndex = 0; path = Pods_randika_perera_COBScComp191p_037Tests.framework; sourceTree = BUILT_PRODUCTS_DIR; };
		580E25942517AA5200CF1C2D /* Update.storyboard */ = {isa = PBXFileReference; lastKnownFileType = file.storyboard; path = Update.storyboard; sourceTree = "<group>"; };
		581FF4F32520668C00A70AFF /* DebugHelper.swift */ = {isa = PBXFileReference; lastKnownFileType = sourcecode.swift; path = DebugHelper.swift; sourceTree = "<group>"; };
		581FF4F52520D01200A70AFF /* UpdateViewController.swift */ = {isa = PBXFileReference; lastKnownFileType = sourcecode.swift; path = UpdateViewController.swift; sourceTree = "<group>"; };
		581FF4FA2520DEA600A70AFF /* UIViewControllerExtensions.swift */ = {isa = PBXFileReference; lastKnownFileType = sourcecode.swift; path = UIViewControllerExtensions.swift; sourceTree = "<group>"; };
		5827193F250DF601004224C0 /* NIBM COVID19.app */ = {isa = PBXFileReference; explicitFileType = wrapper.application; includeInIndex = 0; path = "NIBM COVID19.app"; sourceTree = BUILT_PRODUCTS_DIR; };
		58271942250DF601004224C0 /* AppDelegate.swift */ = {isa = PBXFileReference; lastKnownFileType = sourcecode.swift; path = AppDelegate.swift; sourceTree = "<group>"; };
		58271944250DF601004224C0 /* SceneDelegate.swift */ = {isa = PBXFileReference; lastKnownFileType = sourcecode.swift; path = SceneDelegate.swift; sourceTree = "<group>"; };
		58271946250DF601004224C0 /* ViewController.swift */ = {isa = PBXFileReference; lastKnownFileType = sourcecode.swift; path = ViewController.swift; sourceTree = "<group>"; };
		58271949250DF601004224C0 /* Base */ = {isa = PBXFileReference; lastKnownFileType = file.storyboard; name = Base; path = Base.lproj/Main.storyboard; sourceTree = "<group>"; };
		5827194B250DF606004224C0 /* Assets.xcassets */ = {isa = PBXFileReference; lastKnownFileType = folder.assetcatalog; path = Assets.xcassets; sourceTree = "<group>"; };
		5827194E250DF606004224C0 /* Base */ = {isa = PBXFileReference; lastKnownFileType = file.storyboard; name = Base; path = Base.lproj/LaunchScreen.storyboard; sourceTree = "<group>"; };
		58271950250DF606004224C0 /* Info.plist */ = {isa = PBXFileReference; lastKnownFileType = text.plist.xml; path = Info.plist; sourceTree = "<group>"; };
		58271955250DF606004224C0 /* randika_perera-COBScComp191p-037Tests.xctest */ = {isa = PBXFileReference; explicitFileType = wrapper.cfbundle; includeInIndex = 0; path = "randika_perera-COBScComp191p-037Tests.xctest"; sourceTree = BUILT_PRODUCTS_DIR; };
		58271959250DF606004224C0 /* randika_perera_COBScComp191p_037Tests.swift */ = {isa = PBXFileReference; lastKnownFileType = sourcecode.swift; path = randika_perera_COBScComp191p_037Tests.swift; sourceTree = "<group>"; };
		5827195B250DF606004224C0 /* Info.plist */ = {isa = PBXFileReference; lastKnownFileType = text.plist.xml; path = Info.plist; sourceTree = "<group>"; };
		58271960250DF606004224C0 /* randika_perera-COBScComp191p-037UITests.xctest */ = {isa = PBXFileReference; explicitFileType = wrapper.cfbundle; includeInIndex = 0; path = "randika_perera-COBScComp191p-037UITests.xctest"; sourceTree = BUILT_PRODUCTS_DIR; };
		58271964250DF606004224C0 /* randika_perera_COBScComp191p_037UITests.swift */ = {isa = PBXFileReference; lastKnownFileType = sourcecode.swift; path = randika_perera_COBScComp191p_037UITests.swift; sourceTree = "<group>"; };
		58271966250DF606004224C0 /* Info.plist */ = {isa = PBXFileReference; lastKnownFileType = text.plist.xml; path = Info.plist; sourceTree = "<group>"; };
		586D9EA32522C313006629C4 /* SafeActions.storyboard */ = {isa = PBXFileReference; lastKnownFileType = file.storyboard; path = SafeActions.storyboard; sourceTree = "<group>"; };
		586D9EA52522FD25006629C4 /* NavTest.storyboard */ = {isa = PBXFileReference; lastKnownFileType = file.storyboard; path = NavTest.storyboard; sourceTree = "<group>"; };
		586D9EA72522FD6E006629C4 /* NavTestViewController.swift */ = {isa = PBXFileReference; lastKnownFileType = sourcecode.swift; path = NavTestViewController.swift; sourceTree = "<group>"; };
		586D9EA925230592006629C4 /* SafeActionsViewController.swift */ = {isa = PBXFileReference; lastKnownFileType = sourcecode.swift; path = SafeActionsViewController.swift; sourceTree = "<group>"; };
		586DC1D42517652A00680A17 /* SettingsViewController.swift */ = {isa = PBXFileReference; lastKnownFileType = sourcecode.swift; path = SettingsViewController.swift; sourceTree = "<group>"; };
		586DC1D6251766C800680A17 /* Authentication.storyboard */ = {isa = PBXFileReference; lastKnownFileType = file.storyboard; path = Authentication.storyboard; sourceTree = "<group>"; };
		586DC1DB2517679200680A17 /* UserFunctions.swift */ = {isa = PBXFileReference; lastKnownFileType = sourcecode.swift; path = UserFunctions.swift; sourceTree = "<group>"; };
		586DC1DD25176BA500680A17 /* LogInViewController.swift */ = {isa = PBXFileReference; lastKnownFileType = sourcecode.swift; path = LogInViewController.swift; sourceTree = "<group>"; };
		586DC1DF25176FEE00680A17 /* SignUpViewController.swift */ = {isa = PBXFileReference; lastKnownFileType = sourcecode.swift; path = SignUpViewController.swift; sourceTree = "<group>"; };
		588068D525235D6E007B7C5E /* Notifications.storyboard */ = {isa = PBXFileReference; lastKnownFileType = file.storyboard; path = Notifications.storyboard; sourceTree = "<group>"; };
		588068D725235E1D007B7C5E /* NotificationsViewController.swift */ = {isa = PBXFileReference; lastKnownFileType = sourcecode.swift; path = NotificationsViewController.swift; sourceTree = "<group>"; };
		588068DC25239F59007B7C5E /* ProfileViewController.swift */ = {isa = PBXFileReference; lastKnownFileType = sourcecode.swift; path = ProfileViewController.swift; sourceTree = "<group>"; };
		588068DE2523B6F6007B7C5E /* Map.storyboard */ = {isa = PBXFileReference; lastKnownFileType = file.storyboard; path = Map.storyboard; sourceTree = "<group>"; };
		588068E02523B7AE007B7C5E /* MapViewController.swift */ = {isa = PBXFileReference; lastKnownFileType = sourcecode.swift; path = MapViewController.swift; sourceTree = "<group>"; };
		58927A262517BE06009D22DF /* GoogleService-Info.plist */ = {isa = PBXFileReference; fileEncoding = 4; lastKnownFileType = text.plist.xml; path = "GoogleService-Info.plist"; sourceTree = "<group>"; };
		58C6E1D525228B5300BE3AF3 /* HomeViewController.swift */ = {isa = PBXFileReference; lastKnownFileType = sourcecode.swift; path = HomeViewController.swift; sourceTree = "<group>"; };
		58E96B712517B555009DEA88 /* Home.storyboard */ = {isa = PBXFileReference; lastKnownFileType = file.storyboard; path = Home.storyboard; sourceTree = "<group>"; };
		58E96B732517B5DD009DEA88 /* Settings.storyboard */ = {isa = PBXFileReference; lastKnownFileType = file.storyboard; path = Settings.storyboard; sourceTree = "<group>"; };
		66DAFABBBA874DE971D5167B /* Pods-randika_perera-COBScComp191p-037.debug.xcconfig */ = {isa = PBXFileReference; includeInIndex = 1; lastKnownFileType = text.xcconfig; name = "Pods-randika_perera-COBScComp191p-037.debug.xcconfig"; path = "Target Support Files/Pods-randika_perera-COBScComp191p-037/Pods-randika_perera-COBScComp191p-037.debug.xcconfig"; sourceTree = "<group>"; };
		74DBCC0C28B669FB2BD7E91F /* Pods-randika_perera-COBScComp191p-037-randika_perera-COBScComp191p-037UITests.release.xcconfig */ = {isa = PBXFileReference; includeInIndex = 1; lastKnownFileType = text.xcconfig; name = "Pods-randika_perera-COBScComp191p-037-randika_perera-COBScComp191p-037UITests.release.xcconfig"; path = "Target Support Files/Pods-randika_perera-COBScComp191p-037-randika_perera-COBScComp191p-037UITests/Pods-randika_perera-COBScComp191p-037-randika_perera-COBScComp191p-037UITests.release.xcconfig"; sourceTree = "<group>"; };
		99E4D49D86F39C34C4D2DD4E /* Pods-randika_perera-COBScComp191p-037-randika_perera-COBScComp191p-037UITests.debug.xcconfig */ = {isa = PBXFileReference; includeInIndex = 1; lastKnownFileType = text.xcconfig; name = "Pods-randika_perera-COBScComp191p-037-randika_perera-COBScComp191p-037UITests.debug.xcconfig"; path = "Target Support Files/Pods-randika_perera-COBScComp191p-037-randika_perera-COBScComp191p-037UITests/Pods-randika_perera-COBScComp191p-037-randika_perera-COBScComp191p-037UITests.debug.xcconfig"; sourceTree = "<group>"; };
		B05B6E15860423D00C29AF52 /* AssetsUtils.swift */ = {isa = PBXFileReference; lastKnownFileType = sourcecode.swift; path = AssetsUtils.swift; sourceTree = "<group>"; };
		BB4356E7C395603E2A7122FB /* Pods_randika_perera_COBScComp191p_037.framework */ = {isa = PBXFileReference; explicitFileType = wrapper.framework; includeInIndex = 0; path = Pods_randika_perera_COBScComp191p_037.framework; sourceTree = BUILT_PRODUCTS_DIR; };
		BEA58AE85C97E46959838BB8 /* Pods_randika_perera_COBScComp191p_037_randika_perera_COBScComp191p_037UITests.framework */ = {isa = PBXFileReference; explicitFileType = wrapper.framework; includeInIndex = 0; path = Pods_randika_perera_COBScComp191p_037_randika_perera_COBScComp191p_037UITests.framework; sourceTree = BUILT_PRODUCTS_DIR; };
		F6F7BF368676BC95F80F9AF5 /* Pods-randika_perera-COBScComp191p-037Tests.debug.xcconfig */ = {isa = PBXFileReference; includeInIndex = 1; lastKnownFileType = text.xcconfig; name = "Pods-randika_perera-COBScComp191p-037Tests.debug.xcconfig"; path = "Target Support Files/Pods-randika_perera-COBScComp191p-037Tests/Pods-randika_perera-COBScComp191p-037Tests.debug.xcconfig"; sourceTree = "<group>"; };
/* End PBXFileReference section */

/* Begin PBXFrameworksBuildPhase section */
		5827193C250DF601004224C0 /* Frameworks */ = {
			isa = PBXFrameworksBuildPhase;
			buildActionMask = 2147483647;
			files = (
				58C6E1D42520F2AA00BE3AF3 /* Toast in Frameworks */,
				C73985B7D9D9FDA29DF85A8B /* Pods_randika_perera_COBScComp191p_037.framework in Frameworks */,
			);
			runOnlyForDeploymentPostprocessing = 0;
		};
		58271952250DF606004224C0 /* Frameworks */ = {
			isa = PBXFrameworksBuildPhase;
			buildActionMask = 2147483647;
			files = (
				3498BC105AA600A21FBBED79 /* Pods_randika_perera_COBScComp191p_037Tests.framework in Frameworks */,
			);
			runOnlyForDeploymentPostprocessing = 0;
		};
		5827195D250DF606004224C0 /* Frameworks */ = {
			isa = PBXFrameworksBuildPhase;
			buildActionMask = 2147483647;
			files = (
				D29655D59A420FFEE1C286BC /* Pods_randika_perera_COBScComp191p_037_randika_perera_COBScComp191p_037UITests.framework in Frameworks */,
			);
			runOnlyForDeploymentPostprocessing = 0;
		};
/* End PBXFrameworksBuildPhase section */

/* Begin PBXGroup section */
		581FF4F72520DD7D00A70AFF /* Extensions */ = {
			isa = PBXGroup;
			children = (
				581FF4FA2520DEA600A70AFF /* UIViewControllerExtensions.swift */,
			);
			path = Extensions;
			sourceTree = "<group>";
		};
		58271936250DF601004224C0 = {
			isa = PBXGroup;
			children = (
				58271941250DF601004224C0 /* randika_perera-COBScComp191p-037 */,
				58271958250DF606004224C0 /* randika_perera-COBScComp191p-037Tests */,
				58271963250DF606004224C0 /* randika_perera-COBScComp191p-037UITests */,
				58271940250DF601004224C0 /* Products */,
				EA94CA4D691746FAA2F3BAB9 /* Pods */,
				AF2A50DF346C2B45CDFD357B /* Frameworks */,
			);
			sourceTree = "<group>";
		};
		58271940250DF601004224C0 /* Products */ = {
			isa = PBXGroup;
			children = (
				5827193F250DF601004224C0 /* NIBM COVID19.app */,
				58271955250DF606004224C0 /* randika_perera-COBScComp191p-037Tests.xctest */,
				58271960250DF606004224C0 /* randika_perera-COBScComp191p-037UITests.xctest */,
			);
			name = Products;
			sourceTree = "<group>";
		};
		58271941250DF601004224C0 /* randika_perera-COBScComp191p-037 */ = {
			isa = PBXGroup;
			children = (
				581FF4F72520DD7D00A70AFF /* Extensions */,
				586DC1D82517674900680A17 /* Helpers */,
				58908C4F2516CF0900B68C4B /* Model */,
				58908C4E2516CF0600B68C4B /* View */,
				58908C4D2516CEF800B68C4B /* Controller */,
				58271942250DF601004224C0 /* AppDelegate.swift */,
				58271944250DF601004224C0 /* SceneDelegate.swift */,
				5827194B250DF606004224C0 /* Assets.xcassets */,
				5827194D250DF606004224C0 /* LaunchScreen.storyboard */,
				58271950250DF606004224C0 /* Info.plist */,
				58927A262517BE06009D22DF /* GoogleService-Info.plist */,
				E0AC9560E5D14AD79E39F3FF /* HappyCodingSupport */,
				586D9EA52522FD25006629C4 /* NavTest.storyboard */,
				586D9EA72522FD6E006629C4 /* NavTestViewController.swift */,
			);
			path = "randika_perera-COBScComp191p-037";
			sourceTree = "<group>";
		};
		58271958250DF606004224C0 /* randika_perera-COBScComp191p-037Tests */ = {
			isa = PBXGroup;
			children = (
				58271959250DF606004224C0 /* randika_perera_COBScComp191p_037Tests.swift */,
				5827195B250DF606004224C0 /* Info.plist */,
			);
			path = "randika_perera-COBScComp191p-037Tests";
			sourceTree = "<group>";
		};
		58271963250DF606004224C0 /* randika_perera-COBScComp191p-037UITests */ = {
			isa = PBXGroup;
			children = (
				58271964250DF606004224C0 /* randika_perera_COBScComp191p_037UITests.swift */,
				58271966250DF606004224C0 /* Info.plist */,
			);
			path = "randika_perera-COBScComp191p-037UITests";
			sourceTree = "<group>";
		};
		586D9EAB25234263006629C4 /* AuthenticationControllers */ = {
			isa = PBXGroup;
			children = (
				586DC1DD25176BA500680A17 /* LogInViewController.swift */,
				586DC1DF25176FEE00680A17 /* SignUpViewController.swift */,
			);
			path = AuthenticationControllers;
			sourceTree = "<group>";
		};
		586DC1D82517674900680A17 /* Helpers */ = {
			isa = PBXGroup;
			children = (
				586DC1DB2517679200680A17 /* UserFunctions.swift */,
				581FF4F32520668C00A70AFF /* DebugHelper.swift */,
			);
			path = Helpers;
			sourceTree = "<group>";
		};
		588068DB25239F26007B7C5E /* SettingsControllers */ = {
			isa = PBXGroup;
			children = (
				586DC1D42517652A00680A17 /* SettingsViewController.swift */,
				588068DC25239F59007B7C5E /* ProfileViewController.swift */,
			);
			path = SettingsControllers;
			sourceTree = "<group>";
		};
		58908C4D2516CEF800B68C4B /* Controller */ = {
			isa = PBXGroup;
			children = (
				588068DB25239F26007B7C5E /* SettingsControllers */,
				586D9EAB25234263006629C4 /* AuthenticationControllers */,
				58271946250DF601004224C0 /* ViewController.swift */,
				581FF4F52520D01200A70AFF /* UpdateViewController.swift */,
				58C6E1D525228B5300BE3AF3 /* HomeViewController.swift */,
				586D9EA925230592006629C4 /* SafeActionsViewController.swift */,
				588068D725235E1D007B7C5E /* NotificationsViewController.swift */,
				588068E02523B7AE007B7C5E /* MapViewController.swift */,
			);
			path = Controller;
			sourceTree = "<group>";
		};
		58908C4E2516CF0600B68C4B /* View */ = {
			isa = PBXGroup;
			children = (
				58271948250DF601004224C0 /* Main.storyboard */,
				586DC1D6251766C800680A17 /* Authentication.storyboard */,
				580E25942517AA5200CF1C2D /* Update.storyboard */,
				58E96B712517B555009DEA88 /* Home.storyboard */,
				58E96B732517B5DD009DEA88 /* Settings.storyboard */,
				586D9EA32522C313006629C4 /* SafeActions.storyboard */,
				588068D525235D6E007B7C5E /* Notifications.storyboard */,
				588068DE2523B6F6007B7C5E /* Map.storyboard */,
			);
			path = View;
			sourceTree = "<group>";
		};
		58908C4F2516CF0900B68C4B /* Model */ = {
			isa = PBXGroup;
			children = (
			);
			path = Model;
			sourceTree = "<group>";
		};
		AF2A50DF346C2B45CDFD357B /* Frameworks */ = {
			isa = PBXGroup;
			children = (
				BB4356E7C395603E2A7122FB /* Pods_randika_perera_COBScComp191p_037.framework */,
				BEA58AE85C97E46959838BB8 /* Pods_randika_perera_COBScComp191p_037_randika_perera_COBScComp191p_037UITests.framework */,
				51901AE845F6B4A5B6B08C1D /* Pods_randika_perera_COBScComp191p_037Tests.framework */,
			);
			name = Frameworks;
			sourceTree = "<group>";
		};
		E0AC9560E5D14AD79E39F3FF /* HappyCodingSupport */ = {
			isa = PBXGroup;
			children = (
				B05B6E15860423D00C29AF52 /* AssetsUtils.swift */,
			);
			path = HappyCodingSupport;
			sourceTree = "<group>";
		};
		EA94CA4D691746FAA2F3BAB9 /* Pods */ = {
			isa = PBXGroup;
			children = (
				66DAFABBBA874DE971D5167B /* Pods-randika_perera-COBScComp191p-037.debug.xcconfig */,
				357CD09E81705EC9BAE5D7E9 /* Pods-randika_perera-COBScComp191p-037.release.xcconfig */,
				99E4D49D86F39C34C4D2DD4E /* Pods-randika_perera-COBScComp191p-037-randika_perera-COBScComp191p-037UITests.debug.xcconfig */,
				74DBCC0C28B669FB2BD7E91F /* Pods-randika_perera-COBScComp191p-037-randika_perera-COBScComp191p-037UITests.release.xcconfig */,
				F6F7BF368676BC95F80F9AF5 /* Pods-randika_perera-COBScComp191p-037Tests.debug.xcconfig */,
				2A0CA137882535B573E3D947 /* Pods-randika_perera-COBScComp191p-037Tests.release.xcconfig */,
			);
			path = Pods;
			sourceTree = "<group>";
		};
/* End PBXGroup section */

/* Begin PBXNativeTarget section */
		5827193E250DF601004224C0 /* randika_perera-COBScComp191p-037 */ = {
			isa = PBXNativeTarget;
			buildConfigurationList = 58271969250DF606004224C0 /* Build configuration list for PBXNativeTarget "randika_perera-COBScComp191p-037" */;
			buildPhases = (
				AE5F895D6225A4B65B02F41A /* [CP] Check Pods Manifest.lock */,
				5827193B250DF601004224C0 /* Sources */,
				5827193C250DF601004224C0 /* Frameworks */,
				5827193D250DF601004224C0 /* Resources */,
				0617EA600FD35DFBD0855183 /* [CP] Embed Pods Frameworks */,
			);
			buildRules = (
			);
			dependencies = (
			);
			name = "randika_perera-COBScComp191p-037";
			packageProductDependencies = (
				58C6E1D32520F2AA00BE3AF3 /* Toast */,
			);
			productName = "randika_perera-COBScComp191p-037";
			productReference = 5827193F250DF601004224C0 /* NIBM COVID19.app */;
			productType = "com.apple.product-type.application";
		};
		58271954250DF606004224C0 /* randika_perera-COBScComp191p-037Tests */ = {
			isa = PBXNativeTarget;
			buildConfigurationList = 5827196C250DF606004224C0 /* Build configuration list for PBXNativeTarget "randika_perera-COBScComp191p-037Tests" */;
			buildPhases = (
				B6A46A858732EAAD5ABF800A /* [CP] Check Pods Manifest.lock */,
				58271951250DF606004224C0 /* Sources */,
				58271952250DF606004224C0 /* Frameworks */,
				58271953250DF606004224C0 /* Resources */,
				4E5DAF1D9CCEDA6FB9713E37 /* [CP] Embed Pods Frameworks */,
			);
			buildRules = (
			);
			dependencies = (
				58271957250DF606004224C0 /* PBXTargetDependency */,
			);
			name = "randika_perera-COBScComp191p-037Tests";
			productName = "randika_perera-COBScComp191p-037Tests";
			productReference = 58271955250DF606004224C0 /* randika_perera-COBScComp191p-037Tests.xctest */;
			productType = "com.apple.product-type.bundle.unit-test";
		};
		5827195F250DF606004224C0 /* randika_perera-COBScComp191p-037UITests */ = {
			isa = PBXNativeTarget;
			buildConfigurationList = 5827196F250DF606004224C0 /* Build configuration list for PBXNativeTarget "randika_perera-COBScComp191p-037UITests" */;
			buildPhases = (
				6CD52010C940E442587921AC /* [CP] Check Pods Manifest.lock */,
				5827195C250DF606004224C0 /* Sources */,
				5827195D250DF606004224C0 /* Frameworks */,
				5827195E250DF606004224C0 /* Resources */,
				E118BAD0EBC241506CF20375 /* [CP] Embed Pods Frameworks */,
			);
			buildRules = (
			);
			dependencies = (
				58271962250DF606004224C0 /* PBXTargetDependency */,
			);
			name = "randika_perera-COBScComp191p-037UITests";
			productName = "randika_perera-COBScComp191p-037UITests";
			productReference = 58271960250DF606004224C0 /* randika_perera-COBScComp191p-037UITests.xctest */;
			productType = "com.apple.product-type.bundle.ui-testing";
		};
/* End PBXNativeTarget section */

/* Begin PBXProject section */
		58271937250DF601004224C0 /* Project object */ = {
			isa = PBXProject;
			attributes = {
				LastSwiftUpdateCheck = 1160;
				LastUpgradeCheck = 1160;
				ORGANIZATIONNAME = "Randika Perera";
				TargetAttributes = {
					5827193E250DF601004224C0 = {
						CreatedOnToolsVersion = 11.6;
					};
					58271954250DF606004224C0 = {
						CreatedOnToolsVersion = 11.6;
						TestTargetID = 5827193E250DF601004224C0;
					};
					5827195F250DF606004224C0 = {
						CreatedOnToolsVersion = 11.6;
						TestTargetID = 5827193E250DF601004224C0;
					};
				};
			};
			buildConfigurationList = 5827193A250DF601004224C0 /* Build configuration list for PBXProject "randika_perera-COBScComp191p-037" */;
			compatibilityVersion = "Xcode 9.3";
			developmentRegion = en;
			hasScannedForEncodings = 0;
			knownRegions = (
				en,
				Base,
			);
			mainGroup = 58271936250DF601004224C0;
			packageReferences = (
				58C6E1D22520F2AA00BE3AF3 /* XCRemoteSwiftPackageReference "Toast-Swift" */,
			);
			productRefGroup = 58271940250DF601004224C0 /* Products */;
			projectDirPath = "";
			projectRoot = "";
			targets = (
				5827193E250DF601004224C0 /* randika_perera-COBScComp191p-037 */,
				58271954250DF606004224C0 /* randika_perera-COBScComp191p-037Tests */,
				5827195F250DF606004224C0 /* randika_perera-COBScComp191p-037UITests */,
			);
		};
/* End PBXProject section */

/* Begin PBXResourcesBuildPhase section */
		5827193D250DF601004224C0 /* Resources */ = {
			isa = PBXResourcesBuildPhase;
			buildActionMask = 2147483647;
			files = (
				586DC1D7251766C800680A17 /* Authentication.storyboard in Resources */,
				58927A272517BE06009D22DF /* GoogleService-Info.plist in Resources */,
				586D9EA42522C313006629C4 /* SafeActions.storyboard in Resources */,
				580E25952517AA5200CF1C2D /* Update.storyboard in Resources */,
				5827194F250DF606004224C0 /* LaunchScreen.storyboard in Resources */,
				5827194C250DF606004224C0 /* Assets.xcassets in Resources */,
				588068D625235D6E007B7C5E /* Notifications.storyboard in Resources */,
				5827194A250DF601004224C0 /* Main.storyboard in Resources */,
				58E96B722517B555009DEA88 /* Home.storyboard in Resources */,
				586D9EA62522FD25006629C4 /* NavTest.storyboard in Resources */,
				58E96B742517B5DD009DEA88 /* Settings.storyboard in Resources */,
				588068DF2523B6F6007B7C5E /* Map.storyboard in Resources */,
			);
			runOnlyForDeploymentPostprocessing = 0;
		};
		58271953250DF606004224C0 /* Resources */ = {
			isa = PBXResourcesBuildPhase;
			buildActionMask = 2147483647;
			files = (
			);
			runOnlyForDeploymentPostprocessing = 0;
		};
		5827195E250DF606004224C0 /* Resources */ = {
			isa = PBXResourcesBuildPhase;
			buildActionMask = 2147483647;
			files = (
			);
			runOnlyForDeploymentPostprocessing = 0;
		};
/* End PBXResourcesBuildPhase section */

/* Begin PBXShellScriptBuildPhase section */
		0617EA600FD35DFBD0855183 /* [CP] Embed Pods Frameworks */ = {
			isa = PBXShellScriptBuildPhase;
			buildActionMask = 2147483647;
			files = (
			);
			inputFileListPaths = (
				"${PODS_ROOT}/Target Support Files/Pods-randika_perera-COBScComp191p-037/Pods-randika_perera-COBScComp191p-037-frameworks-${CONFIGURATION}-input-files.xcfilelist",
			);
			name = "[CP] Embed Pods Frameworks";
			outputFileListPaths = (
				"${PODS_ROOT}/Target Support Files/Pods-randika_perera-COBScComp191p-037/Pods-randika_perera-COBScComp191p-037-frameworks-${CONFIGURATION}-output-files.xcfilelist",
			);
			runOnlyForDeploymentPostprocessing = 0;
			shellPath = /bin/sh;
			shellScript = "\"${PODS_ROOT}/Target Support Files/Pods-randika_perera-COBScComp191p-037/Pods-randika_perera-COBScComp191p-037-frameworks.sh\"\n";
			showEnvVarsInLog = 0;
		};
		4E5DAF1D9CCEDA6FB9713E37 /* [CP] Embed Pods Frameworks */ = {
			isa = PBXShellScriptBuildPhase;
			buildActionMask = 2147483647;
			files = (
			);
			inputFileListPaths = (
				"${PODS_ROOT}/Target Support Files/Pods-randika_perera-COBScComp191p-037Tests/Pods-randika_perera-COBScComp191p-037Tests-frameworks-${CONFIGURATION}-input-files.xcfilelist",
			);
			name = "[CP] Embed Pods Frameworks";
			outputFileListPaths = (
				"${PODS_ROOT}/Target Support Files/Pods-randika_perera-COBScComp191p-037Tests/Pods-randika_perera-COBScComp191p-037Tests-frameworks-${CONFIGURATION}-output-files.xcfilelist",
			);
			runOnlyForDeploymentPostprocessing = 0;
			shellPath = /bin/sh;
			shellScript = "\"${PODS_ROOT}/Target Support Files/Pods-randika_perera-COBScComp191p-037Tests/Pods-randika_perera-COBScComp191p-037Tests-frameworks.sh\"\n";
			showEnvVarsInLog = 0;
		};
		6CD52010C940E442587921AC /* [CP] Check Pods Manifest.lock */ = {
			isa = PBXShellScriptBuildPhase;
			buildActionMask = 2147483647;
			files = (
			);
			inputFileListPaths = (
			);
			inputPaths = (
				"${PODS_PODFILE_DIR_PATH}/Podfile.lock",
				"${PODS_ROOT}/Manifest.lock",
			);
			name = "[CP] Check Pods Manifest.lock";
			outputFileListPaths = (
			);
			outputPaths = (
				"$(DERIVED_FILE_DIR)/Pods-randika_perera-COBScComp191p-037-randika_perera-COBScComp191p-037UITests-checkManifestLockResult.txt",
			);
			runOnlyForDeploymentPostprocessing = 0;
			shellPath = /bin/sh;
			shellScript = "diff \"${PODS_PODFILE_DIR_PATH}/Podfile.lock\" \"${PODS_ROOT}/Manifest.lock\" > /dev/null\nif [ $? != 0 ] ; then\n    # print error to STDERR\n    echo \"error: The sandbox is not in sync with the Podfile.lock. Run 'pod install' or update your CocoaPods installation.\" >&2\n    exit 1\nfi\n# This output is used by Xcode 'outputs' to avoid re-running this script phase.\necho \"SUCCESS\" > \"${SCRIPT_OUTPUT_FILE_0}\"\n";
			showEnvVarsInLog = 0;
		};
		AE5F895D6225A4B65B02F41A /* [CP] Check Pods Manifest.lock */ = {
			isa = PBXShellScriptBuildPhase;
			buildActionMask = 2147483647;
			files = (
			);
			inputFileListPaths = (
			);
			inputPaths = (
				"${PODS_PODFILE_DIR_PATH}/Podfile.lock",
				"${PODS_ROOT}/Manifest.lock",
			);
			name = "[CP] Check Pods Manifest.lock";
			outputFileListPaths = (
			);
			outputPaths = (
				"$(DERIVED_FILE_DIR)/Pods-randika_perera-COBScComp191p-037-checkManifestLockResult.txt",
			);
			runOnlyForDeploymentPostprocessing = 0;
			shellPath = /bin/sh;
			shellScript = "diff \"${PODS_PODFILE_DIR_PATH}/Podfile.lock\" \"${PODS_ROOT}/Manifest.lock\" > /dev/null\nif [ $? != 0 ] ; then\n    # print error to STDERR\n    echo \"error: The sandbox is not in sync with the Podfile.lock. Run 'pod install' or update your CocoaPods installation.\" >&2\n    exit 1\nfi\n# This output is used by Xcode 'outputs' to avoid re-running this script phase.\necho \"SUCCESS\" > \"${SCRIPT_OUTPUT_FILE_0}\"\n";
			showEnvVarsInLog = 0;
		};
		B6A46A858732EAAD5ABF800A /* [CP] Check Pods Manifest.lock */ = {
			isa = PBXShellScriptBuildPhase;
			buildActionMask = 2147483647;
			files = (
			);
			inputFileListPaths = (
			);
			inputPaths = (
				"${PODS_PODFILE_DIR_PATH}/Podfile.lock",
				"${PODS_ROOT}/Manifest.lock",
			);
			name = "[CP] Check Pods Manifest.lock";
			outputFileListPaths = (
			);
			outputPaths = (
				"$(DERIVED_FILE_DIR)/Pods-randika_perera-COBScComp191p-037Tests-checkManifestLockResult.txt",
			);
			runOnlyForDeploymentPostprocessing = 0;
			shellPath = /bin/sh;
			shellScript = "diff \"${PODS_PODFILE_DIR_PATH}/Podfile.lock\" \"${PODS_ROOT}/Manifest.lock\" > /dev/null\nif [ $? != 0 ] ; then\n    # print error to STDERR\n    echo \"error: The sandbox is not in sync with the Podfile.lock. Run 'pod install' or update your CocoaPods installation.\" >&2\n    exit 1\nfi\n# This output is used by Xcode 'outputs' to avoid re-running this script phase.\necho \"SUCCESS\" > \"${SCRIPT_OUTPUT_FILE_0}\"\n";
			showEnvVarsInLog = 0;
		};
		E118BAD0EBC241506CF20375 /* [CP] Embed Pods Frameworks */ = {
			isa = PBXShellScriptBuildPhase;
			buildActionMask = 2147483647;
			files = (
			);
			inputFileListPaths = (
				"${PODS_ROOT}/Target Support Files/Pods-randika_perera-COBScComp191p-037-randika_perera-COBScComp191p-037UITests/Pods-randika_perera-COBScComp191p-037-randika_perera-COBScComp191p-037UITests-frameworks-${CONFIGURATION}-input-files.xcfilelist",
			);
			name = "[CP] Embed Pods Frameworks";
			outputFileListPaths = (
				"${PODS_ROOT}/Target Support Files/Pods-randika_perera-COBScComp191p-037-randika_perera-COBScComp191p-037UITests/Pods-randika_perera-COBScComp191p-037-randika_perera-COBScComp191p-037UITests-frameworks-${CONFIGURATION}-output-files.xcfilelist",
			);
			runOnlyForDeploymentPostprocessing = 0;
			shellPath = /bin/sh;
			shellScript = "\"${PODS_ROOT}/Target Support Files/Pods-randika_perera-COBScComp191p-037-randika_perera-COBScComp191p-037UITests/Pods-randika_perera-COBScComp191p-037-randika_perera-COBScComp191p-037UITests-frameworks.sh\"\n";
			showEnvVarsInLog = 0;
		};
/* End PBXShellScriptBuildPhase section */

/* Begin PBXSourcesBuildPhase section */
		5827193B250DF601004224C0 /* Sources */ = {
			isa = PBXSourcesBuildPhase;
			buildActionMask = 2147483647;
			files = (
				588068D825235E1D007B7C5E /* NotificationsViewController.swift in Sources */,
				586DC1DC2517679200680A17 /* UserFunctions.swift in Sources */,
				581FF4FB2520DEA600A70AFF /* UIViewControllerExtensions.swift in Sources */,
				586DC1E025176FEE00680A17 /* SignUpViewController.swift in Sources */,
				581FF4F42520668C00A70AFF /* DebugHelper.swift in Sources */,
				58271947250DF601004224C0 /* ViewController.swift in Sources */,
				588068DD25239F59007B7C5E /* ProfileViewController.swift in Sources */,
				586DC1DE25176BA500680A17 /* LogInViewController.swift in Sources */,
				58271943250DF601004224C0 /* AppDelegate.swift in Sources */,
				58271945250DF601004224C0 /* SceneDelegate.swift in Sources */,
				586D9EA82522FD6E006629C4 /* NavTestViewController.swift in Sources */,
				586D9EAA25230592006629C4 /* SafeActionsViewController.swift in Sources */,
				586DC1D52517652A00680A17 /* SettingsViewController.swift in Sources */,
				9E6F27C802BF87F77031A0D0 /* AssetsUtils.swift in Sources */,
				581FF4F62520D01200A70AFF /* UpdateViewController.swift in Sources */,
				58C6E1D625228B5300BE3AF3 /* HomeViewController.swift in Sources */,
				588068E12523B7AE007B7C5E /* MapViewController.swift in Sources */,
			);
			runOnlyForDeploymentPostprocessing = 0;
		};
		58271951250DF606004224C0 /* Sources */ = {
			isa = PBXSourcesBuildPhase;
			buildActionMask = 2147483647;
			files = (
				5827195A250DF606004224C0 /* randika_perera_COBScComp191p_037Tests.swift in Sources */,
			);
			runOnlyForDeploymentPostprocessing = 0;
		};
		5827195C250DF606004224C0 /* Sources */ = {
			isa = PBXSourcesBuildPhase;
			buildActionMask = 2147483647;
			files = (
				58271965250DF606004224C0 /* randika_perera_COBScComp191p_037UITests.swift in Sources */,
			);
			runOnlyForDeploymentPostprocessing = 0;
		};
/* End PBXSourcesBuildPhase section */

/* Begin PBXTargetDependency section */
		58271957250DF606004224C0 /* PBXTargetDependency */ = {
			isa = PBXTargetDependency;
			target = 5827193E250DF601004224C0 /* randika_perera-COBScComp191p-037 */;
			targetProxy = 58271956250DF606004224C0 /* PBXContainerItemProxy */;
		};
		58271962250DF606004224C0 /* PBXTargetDependency */ = {
			isa = PBXTargetDependency;
			target = 5827193E250DF601004224C0 /* randika_perera-COBScComp191p-037 */;
			targetProxy = 58271961250DF606004224C0 /* PBXContainerItemProxy */;
		};
/* End PBXTargetDependency section */

/* Begin PBXVariantGroup section */
		58271948250DF601004224C0 /* Main.storyboard */ = {
			isa = PBXVariantGroup;
			children = (
				58271949250DF601004224C0 /* Base */,
			);
			name = Main.storyboard;
			sourceTree = "<group>";
		};
		5827194D250DF606004224C0 /* LaunchScreen.storyboard */ = {
			isa = PBXVariantGroup;
			children = (
				5827194E250DF606004224C0 /* Base */,
			);
			name = LaunchScreen.storyboard;
			sourceTree = "<group>";
		};
/* End PBXVariantGroup section */

/* Begin XCBuildConfiguration section */
		58271967250DF606004224C0 /* Debug */ = {
			isa = XCBuildConfiguration;
			buildSettings = {
				ALWAYS_SEARCH_USER_PATHS = NO;
				CLANG_ANALYZER_NONNULL = YES;
				CLANG_ANALYZER_NUMBER_OBJECT_CONVERSION = YES_AGGRESSIVE;
				CLANG_CXX_LANGUAGE_STANDARD = "gnu++14";
				CLANG_CXX_LIBRARY = "libc++";
				CLANG_ENABLE_MODULES = YES;
				CLANG_ENABLE_OBJC_ARC = YES;
				CLANG_ENABLE_OBJC_WEAK = YES;
				CLANG_WARN_BLOCK_CAPTURE_AUTORELEASING = YES;
				CLANG_WARN_BOOL_CONVERSION = YES;
				CLANG_WARN_COMMA = YES;
				CLANG_WARN_CONSTANT_CONVERSION = YES;
				CLANG_WARN_DEPRECATED_OBJC_IMPLEMENTATIONS = YES;
				CLANG_WARN_DIRECT_OBJC_ISA_USAGE = YES_ERROR;
				CLANG_WARN_DOCUMENTATION_COMMENTS = YES;
				CLANG_WARN_EMPTY_BODY = YES;
				CLANG_WARN_ENUM_CONVERSION = YES;
				CLANG_WARN_INFINITE_RECURSION = YES;
				CLANG_WARN_INT_CONVERSION = YES;
				CLANG_WARN_NON_LITERAL_NULL_CONVERSION = YES;
				CLANG_WARN_OBJC_IMPLICIT_RETAIN_SELF = YES;
				CLANG_WARN_OBJC_LITERAL_CONVERSION = YES;
				CLANG_WARN_OBJC_ROOT_CLASS = YES_ERROR;
				CLANG_WARN_RANGE_LOOP_ANALYSIS = YES;
				CLANG_WARN_STRICT_PROTOTYPES = YES;
				CLANG_WARN_SUSPICIOUS_MOVE = YES;
				CLANG_WARN_UNGUARDED_AVAILABILITY = YES_AGGRESSIVE;
				CLANG_WARN_UNREACHABLE_CODE = YES;
				CLANG_WARN__DUPLICATE_METHOD_MATCH = YES;
				COPY_PHASE_STRIP = NO;
				DEBUG_INFORMATION_FORMAT = dwarf;
				ENABLE_STRICT_OBJC_MSGSEND = YES;
				ENABLE_TESTABILITY = YES;
				GCC_C_LANGUAGE_STANDARD = gnu11;
				GCC_DYNAMIC_NO_PIC = NO;
				GCC_NO_COMMON_BLOCKS = YES;
				GCC_OPTIMIZATION_LEVEL = 0;
				GCC_PREPROCESSOR_DEFINITIONS = (
					"DEBUG=1",
					"$(inherited)",
				);
				GCC_WARN_64_TO_32_BIT_CONVERSION = YES;
				GCC_WARN_ABOUT_RETURN_TYPE = YES_ERROR;
				GCC_WARN_UNDECLARED_SELECTOR = YES;
				GCC_WARN_UNINITIALIZED_AUTOS = YES_AGGRESSIVE;
				GCC_WARN_UNUSED_FUNCTION = YES;
				GCC_WARN_UNUSED_VARIABLE = YES;
				IPHONEOS_DEPLOYMENT_TARGET = 11.0;
				MTL_ENABLE_DEBUG_INFO = INCLUDE_SOURCE;
				MTL_FAST_MATH = YES;
				ONLY_ACTIVE_ARCH = YES;
				SDKROOT = iphoneos;
				SWIFT_ACTIVE_COMPILATION_CONDITIONS = DEBUG;
				SWIFT_OPTIMIZATION_LEVEL = "-Onone";
			};
			name = Debug;
		};
		58271968250DF606004224C0 /* Release */ = {
			isa = XCBuildConfiguration;
			buildSettings = {
				ALWAYS_SEARCH_USER_PATHS = NO;
				CLANG_ANALYZER_NONNULL = YES;
				CLANG_ANALYZER_NUMBER_OBJECT_CONVERSION = YES_AGGRESSIVE;
				CLANG_CXX_LANGUAGE_STANDARD = "gnu++14";
				CLANG_CXX_LIBRARY = "libc++";
				CLANG_ENABLE_MODULES = YES;
				CLANG_ENABLE_OBJC_ARC = YES;
				CLANG_ENABLE_OBJC_WEAK = YES;
				CLANG_WARN_BLOCK_CAPTURE_AUTORELEASING = YES;
				CLANG_WARN_BOOL_CONVERSION = YES;
				CLANG_WARN_COMMA = YES;
				CLANG_WARN_CONSTANT_CONVERSION = YES;
				CLANG_WARN_DEPRECATED_OBJC_IMPLEMENTATIONS = YES;
				CLANG_WARN_DIRECT_OBJC_ISA_USAGE = YES_ERROR;
				CLANG_WARN_DOCUMENTATION_COMMENTS = YES;
				CLANG_WARN_EMPTY_BODY = YES;
				CLANG_WARN_ENUM_CONVERSION = YES;
				CLANG_WARN_INFINITE_RECURSION = YES;
				CLANG_WARN_INT_CONVERSION = YES;
				CLANG_WARN_NON_LITERAL_NULL_CONVERSION = YES;
				CLANG_WARN_OBJC_IMPLICIT_RETAIN_SELF = YES;
				CLANG_WARN_OBJC_LITERAL_CONVERSION = YES;
				CLANG_WARN_OBJC_ROOT_CLASS = YES_ERROR;
				CLANG_WARN_RANGE_LOOP_ANALYSIS = YES;
				CLANG_WARN_STRICT_PROTOTYPES = YES;
				CLANG_WARN_SUSPICIOUS_MOVE = YES;
				CLANG_WARN_UNGUARDED_AVAILABILITY = YES_AGGRESSIVE;
				CLANG_WARN_UNREACHABLE_CODE = YES;
				CLANG_WARN__DUPLICATE_METHOD_MATCH = YES;
				COPY_PHASE_STRIP = NO;
				DEBUG_INFORMATION_FORMAT = "dwarf-with-dsym";
				ENABLE_NS_ASSERTIONS = NO;
				ENABLE_STRICT_OBJC_MSGSEND = YES;
				GCC_C_LANGUAGE_STANDARD = gnu11;
				GCC_NO_COMMON_BLOCKS = YES;
				GCC_WARN_64_TO_32_BIT_CONVERSION = YES;
				GCC_WARN_ABOUT_RETURN_TYPE = YES_ERROR;
				GCC_WARN_UNDECLARED_SELECTOR = YES;
				GCC_WARN_UNINITIALIZED_AUTOS = YES_AGGRESSIVE;
				GCC_WARN_UNUSED_FUNCTION = YES;
				GCC_WARN_UNUSED_VARIABLE = YES;
				IPHONEOS_DEPLOYMENT_TARGET = 11.0;
				MTL_ENABLE_DEBUG_INFO = NO;
				MTL_FAST_MATH = YES;
				SDKROOT = iphoneos;
				SWIFT_COMPILATION_MODE = wholemodule;
				SWIFT_OPTIMIZATION_LEVEL = "-O";
				VALIDATE_PRODUCT = YES;
			};
			name = Release;
		};
		5827196A250DF606004224C0 /* Debug */ = {
			isa = XCBuildConfiguration;
			baseConfigurationReference = 66DAFABBBA874DE971D5167B /* Pods-randika_perera-COBScComp191p-037.debug.xcconfig */;
			buildSettings = {
				ASSETCATALOG_COMPILER_APPICON_NAME = AppIcon;
				CODE_SIGN_STYLE = Automatic;
				DEVELOPMENT_TEAM = HSJKFVPTWS;
				INFOPLIST_FILE = "randika_perera-COBScComp191p-037/Info.plist";
				LD_RUNPATH_SEARCH_PATHS = (
					"$(inherited)",
					"@executable_path/Frameworks",
				);
				PRODUCT_BUNDLE_IDENTIFIER = "com.randikaperera.randika-perera-COBScComp191p-037";
				PRODUCT_NAME = "NIBM COVID19";
				SWIFT_VERSION = 5.0;
				TARGETED_DEVICE_FAMILY = "1,2";
			};
			name = Debug;
		};
		5827196B250DF606004224C0 /* Release */ = {
			isa = XCBuildConfiguration;
			baseConfigurationReference = 357CD09E81705EC9BAE5D7E9 /* Pods-randika_perera-COBScComp191p-037.release.xcconfig */;
			buildSettings = {
				ASSETCATALOG_COMPILER_APPICON_NAME = AppIcon;
				CODE_SIGN_STYLE = Automatic;
				DEVELOPMENT_TEAM = HSJKFVPTWS;
				INFOPLIST_FILE = "randika_perera-COBScComp191p-037/Info.plist";
				LD_RUNPATH_SEARCH_PATHS = (
					"$(inherited)",
					"@executable_path/Frameworks",
				);
				PRODUCT_BUNDLE_IDENTIFIER = "com.randikaperera.randika-perera-COBScComp191p-037";
				PRODUCT_NAME = "NIBM COVID19";
				SWIFT_VERSION = 5.0;
				TARGETED_DEVICE_FAMILY = "1,2";
			};
			name = Release;
		};
		5827196D250DF606004224C0 /* Debug */ = {
			isa = XCBuildConfiguration;
			baseConfigurationReference = F6F7BF368676BC95F80F9AF5 /* Pods-randika_perera-COBScComp191p-037Tests.debug.xcconfig */;
			buildSettings = {
				ALWAYS_EMBED_SWIFT_STANDARD_LIBRARIES = YES;
				BUNDLE_LOADER = "$(TEST_HOST)";
				CODE_SIGN_STYLE = Automatic;
				DEVELOPMENT_TEAM = HSJKFVPTWS;
				INFOPLIST_FILE = "randika_perera-COBScComp191p-037Tests/Info.plist";
				IPHONEOS_DEPLOYMENT_TARGET = 13.6;
				LD_RUNPATH_SEARCH_PATHS = (
					"$(inherited)",
					"@executable_path/Frameworks",
					"@loader_path/Frameworks",
				);
				PRODUCT_BUNDLE_IDENTIFIER = "com.randikaperera.randika-perera-COBScComp191p-037Tests";
				PRODUCT_NAME = "$(TARGET_NAME)";
				SWIFT_VERSION = 5.0;
				TARGETED_DEVICE_FAMILY = "1,2";
				TEST_HOST = "$(BUILT_PRODUCTS_DIR)/randika_perera-COBScComp191p-037.app/randika_perera-COBScComp191p-037";
			};
			name = Debug;
		};
		5827196E250DF606004224C0 /* Release */ = {
			isa = XCBuildConfiguration;
			baseConfigurationReference = 2A0CA137882535B573E3D947 /* Pods-randika_perera-COBScComp191p-037Tests.release.xcconfig */;
			buildSettings = {
				ALWAYS_EMBED_SWIFT_STANDARD_LIBRARIES = YES;
				BUNDLE_LOADER = "$(TEST_HOST)";
				CODE_SIGN_STYLE = Automatic;
				DEVELOPMENT_TEAM = HSJKFVPTWS;
				INFOPLIST_FILE = "randika_perera-COBScComp191p-037Tests/Info.plist";
				IPHONEOS_DEPLOYMENT_TARGET = 13.6;
				LD_RUNPATH_SEARCH_PATHS = (
					"$(inherited)",
					"@executable_path/Frameworks",
					"@loader_path/Frameworks",
				);
				PRODUCT_BUNDLE_IDENTIFIER = "com.randikaperera.randika-perera-COBScComp191p-037Tests";
				PRODUCT_NAME = "$(TARGET_NAME)";
				SWIFT_VERSION = 5.0;
				TARGETED_DEVICE_FAMILY = "1,2";
				TEST_HOST = "$(BUILT_PRODUCTS_DIR)/randika_perera-COBScComp191p-037.app/randika_perera-COBScComp191p-037";
			};
			name = Release;
		};
		58271970250DF606004224C0 /* Debug */ = {
			isa = XCBuildConfiguration;
			baseConfigurationReference = 99E4D49D86F39C34C4D2DD4E /* Pods-randika_perera-COBScComp191p-037-randika_perera-COBScComp191p-037UITests.debug.xcconfig */;
			buildSettings = {
				ALWAYS_EMBED_SWIFT_STANDARD_LIBRARIES = YES;
				CODE_SIGN_STYLE = Automatic;
				DEVELOPMENT_TEAM = HSJKFVPTWS;
				INFOPLIST_FILE = "randika_perera-COBScComp191p-037UITests/Info.plist";
				LD_RUNPATH_SEARCH_PATHS = (
					"$(inherited)",
					"@executable_path/Frameworks",
					"@loader_path/Frameworks",
				);
				PRODUCT_BUNDLE_IDENTIFIER = "com.randikaperera.randika-perera-COBScComp191p-037UITests";
				PRODUCT_NAME = "$(TARGET_NAME)";
				SWIFT_VERSION = 5.0;
				TARGETED_DEVICE_FAMILY = "1,2";
				TEST_TARGET_NAME = "randika_perera-COBScComp191p-037";
			};
			name = Debug;
		};
		58271971250DF606004224C0 /* Release */ = {
			isa = XCBuildConfiguration;
			baseConfigurationReference = 74DBCC0C28B669FB2BD7E91F /* Pods-randika_perera-COBScComp191p-037-randika_perera-COBScComp191p-037UITests.release.xcconfig */;
			buildSettings = {
				ALWAYS_EMBED_SWIFT_STANDARD_LIBRARIES = YES;
				CODE_SIGN_STYLE = Automatic;
				DEVELOPMENT_TEAM = HSJKFVPTWS;
				INFOPLIST_FILE = "randika_perera-COBScComp191p-037UITests/Info.plist";
				LD_RUNPATH_SEARCH_PATHS = (
					"$(inherited)",
					"@executable_path/Frameworks",
					"@loader_path/Frameworks",
				);
				PRODUCT_BUNDLE_IDENTIFIER = "com.randikaperera.randika-perera-COBScComp191p-037UITests";
				PRODUCT_NAME = "$(TARGET_NAME)";
				SWIFT_VERSION = 5.0;
				TARGETED_DEVICE_FAMILY = "1,2";
				TEST_TARGET_NAME = "randika_perera-COBScComp191p-037";
			};
			name = Release;
		};
/* End XCBuildConfiguration section */

/* Begin XCConfigurationList section */
		5827193A250DF601004224C0 /* Build configuration list for PBXProject "randika_perera-COBScComp191p-037" */ = {
			isa = XCConfigurationList;
			buildConfigurations = (
				58271967250DF606004224C0 /* Debug */,
				58271968250DF606004224C0 /* Release */,
			);
			defaultConfigurationIsVisible = 0;
			defaultConfigurationName = Release;
		};
		58271969250DF606004224C0 /* Build configuration list for PBXNativeTarget "randika_perera-COBScComp191p-037" */ = {
			isa = XCConfigurationList;
			buildConfigurations = (
				5827196A250DF606004224C0 /* Debug */,
				5827196B250DF606004224C0 /* Release */,
			);
			defaultConfigurationIsVisible = 0;
			defaultConfigurationName = Release;
		};
		5827196C250DF606004224C0 /* Build configuration list for PBXNativeTarget "randika_perera-COBScComp191p-037Tests" */ = {
			isa = XCConfigurationList;
			buildConfigurations = (
				5827196D250DF606004224C0 /* Debug */,
				5827196E250DF606004224C0 /* Release */,
			);
			defaultConfigurationIsVisible = 0;
			defaultConfigurationName = Release;
		};
		5827196F250DF606004224C0 /* Build configuration list for PBXNativeTarget "randika_perera-COBScComp191p-037UITests" */ = {
			isa = XCConfigurationList;
			buildConfigurations = (
				58271970250DF606004224C0 /* Debug */,
				58271971250DF606004224C0 /* Release */,
			);
			defaultConfigurationIsVisible = 0;
			defaultConfigurationName = Release;
		};
/* End XCConfigurationList section */

/* Begin XCRemoteSwiftPackageReference section */
		58C6E1D22520F2AA00BE3AF3 /* XCRemoteSwiftPackageReference "Toast-Swift" */ = {
			isa = XCRemoteSwiftPackageReference;
			repositoryURL = "https://github.com/scalessec/Toast-Swift.git";
			requirement = {
				kind = upToNextMajorVersion;
				minimumVersion = 5.0.1;
			};
		};
/* End XCRemoteSwiftPackageReference section */

/* Begin XCSwiftPackageProductDependency section */
		58C6E1D32520F2AA00BE3AF3 /* Toast */ = {
			isa = XCSwiftPackageProductDependency;
			package = 58C6E1D22520F2AA00BE3AF3 /* XCRemoteSwiftPackageReference "Toast-Swift" */;
			productName = Toast;
		};
/* End XCSwiftPackageProductDependency section */
	};
	rootObject = 58271937250DF601004224C0 /* Project object */;
}
