// !$*UTF8*$!
{
	archiveVersion = 1;
	classes = {
	};
	objectVersion = 50;
	objects = {

/* Begin PBXBuildFile section */
		58271943250DF601004224C0 /* AppDelegate.swift in Sources */ = {isa = PBXBuildFile; fileRef = 58271942250DF601004224C0 /* AppDelegate.swift */; };
		58271945250DF601004224C0 /* SceneDelegate.swift in Sources */ = {isa = PBXBuildFile; fileRef = 58271944250DF601004224C0 /* SceneDelegate.swift */; };
		58271947250DF601004224C0 /* ViewController.swift in Sources */ = {isa = PBXBuildFile; fileRef = 58271946250DF601004224C0 /* ViewController.swift */; };
		5827194A250DF601004224C0 /* Main.storyboard in Resources */ = {isa = PBXBuildFile; fileRef = 58271948250DF601004224C0 /* Main.storyboard */; };
		5827194C250DF606004224C0 /* Assets.xcassets in Resources */ = {isa = PBXBuildFile; fileRef = 5827194B250DF606004224C0 /* Assets.xcassets */; };
		5827194F250DF606004224C0 /* LaunchScreen.storyboard in Resources */ = {isa = PBXBuildFile; fileRef = 5827194D250DF606004224C0 /* LaunchScreen.storyboard */; };
		5827195A250DF606004224C0 /* randika_perera_COBScComp191p_037Tests.swift in Sources */ = {isa = PBXBuildFile; fileRef = 58271959250DF606004224C0 /* randika_perera_COBScComp191p_037Tests.swift */; };
		58271965250DF606004224C0 /* randika_perera_COBScComp191p_037UITests.swift in Sources */ = {isa = PBXBuildFile; fileRef = 58271964250DF606004224C0 /* randika_perera_COBScComp191p_037UITests.swift */; };
/* End PBXBuildFile section */

/* Begin PBXContainerItemProxy section */
		58271956250DF606004224C0 /* PBXContainerItemProxy */ = {
			isa = PBXContainerItemProxy;
			containerPortal = 58271937250DF601004224C0 /* Project object */;
			proxyType = 1;
			remoteGlobalIDString = 5827193E250DF601004224C0;
			remoteInfo = "randika_perera-COBScComp191p-037";
		};
		58271961250DF606004224C0 /* PBXContainerItemProxy */ = {
			isa = PBXContainerItemProxy;
			containerPortal = 58271937250DF601004224C0 /* Project object */;
			proxyType = 1;
			remoteGlobalIDString = 5827193E250DF601004224C0;
			remoteInfo = "randika_perera-COBScComp191p-037";
		};
/* End PBXContainerItemProxy section */

/* Begin PBXFileReference section */
		5827193F250DF601004224C0 /* randika_perera-COBScComp191p-037.app */ = {isa = PBXFileReference; explicitFileType = wrapper.application; includeInIndex = 0; path = "randika_perera-COBScComp191p-037.app"; sourceTree = BUILT_PRODUCTS_DIR; };
		58271942250DF601004224C0 /* AppDelegate.swift */ = {isa = PBXFileReference; lastKnownFileType = sourcecode.swift; path = AppDelegate.swift; sourceTree = "<group>"; };
		58271944250DF601004224C0 /* SceneDelegate.swift */ = {isa = PBXFileReference; lastKnownFileType = sourcecode.swift; path = SceneDelegate.swift; sourceTree = "<group>"; };
		58271946250DF601004224C0 /* ViewController.swift */ = {isa = PBXFileReference; lastKnownFileType = sourcecode.swift; path = ViewController.swift; sourceTree = "<group>"; };
		58271949250DF601004224C0 /* Base */ = {isa = PBXFileReference; lastKnownFileType = file.storyboard; name = Base; path = Base.lproj/Main.storyboard; sourceTree = "<group>"; };
		5827194B250DF606004224C0 /* Assets.xcassets */ = {isa = PBXFileReference; lastKnownFileType = folder.assetcatalog; path = Assets.xcassets; sourceTree = "<group>"; };
		5827194E250DF606004224C0 /* Base */ = {isa = PBXFileReference; lastKnownFileType = file.storyboard; name = Base; path = Base.lproj/LaunchScreen.storyboard; sourceTree = "<group>"; };
		58271950250DF606004224C0 /* Info.plist */ = {isa = PBXFileReference; lastKnownFileType = text.plist.xml; path = Info.plist; sourceTree = "<group>"; };
		58271955250DF606004224C0 /* randika_perera-COBScComp191p-037Tests.xctest */ = {isa = PBXFileReference; explicitFileType = wrapper.cfbundle; includeInIndex = 0; path = "randika_perera-COBScComp191p-037Tests.xctest"; sourceTree = BUILT_PRODUCTS_DIR; };
		58271959250DF606004224C0 /* randika_perera_COBScComp191p_037Tests.swift */ = {isa = PBXFileReference; lastKnownFileType = sourcecode.swift; path = randika_perera_COBScComp191p_037Tests.swift; sourceTree = "<group>"; };
		5827195B250DF606004224C0 /* Info.plist */ = {isa = PBXFileReference; lastKnownFileType = text.plist.xml; path = Info.plist; sourceTree = "<group>"; };
		58271960250DF606004224C0 /* randika_perera-COBScComp191p-037UITests.xctest */ = {isa = PBXFileReference; explicitFileType = wrapper.cfbundle; includeInIndex = 0; path = "randika_perera-COBScComp191p-037UITests.xctest"; sourceTree = BUILT_PRODUCTS_DIR; };
		58271964250DF606004224C0 /* randika_perera_COBScComp191p_037UITests.swift */ = {isa = PBXFileReference; lastKnownFileType = sourcecode.swift; path = randika_perera_COBScComp191p_037UITests.swift; sourceTree = "<group>"; };
		58271966250DF606004224C0 /* Info.plist */ = {isa = PBXFileReference; lastKnownFileType = text.plist.xml; path = Info.plist; sourceTree = "<group>"; };
/* End PBXFileReference section */

/* Begin PBXFrameworksBuildPhase section */
		5827193C250DF601004224C0 /* Frameworks */ = {
			isa = PBXFrameworksBuildPhase;
			buildActionMask = 2147483647;
			files = (
			);
			runOnlyForDeploymentPostprocessing = 0;
		};
		58271952250DF606004224C0 /* Frameworks */ = {
			isa = PBXFrameworksBuildPhase;
			buildActionMask = 2147483647;
			files = (
			);
			runOnlyForDeploymentPostprocessing = 0;
		};
		5827195D250DF606004224C0 /* Frameworks */ = {
			isa = PBXFrameworksBuildPhase;
			buildActionMask = 2147483647;
			files = (
			);
			runOnlyForDeploymentPostprocessing = 0;
		};
/* End PBXFrameworksBuildPhase section */

/* Begin PBXGroup section */
		58271936250DF601004224C0 = {
			isa = PBXGroup;
			children = (
				58271941250DF601004224C0 /* randika_perera-COBScComp191p-037 */,
				58271958250DF606004224C0 /* randika_perera-COBScComp191p-037Tests */,
				58271963250DF606004224C0 /* randika_perera-COBScComp191p-037UITests */,
				58271940250DF601004224C0 /* Products */,
			);
			sourceTree = "<group>";
		};
		58271940250DF601004224C0 /* Products */ = {
			isa = PBXGroup;
			children = (
				5827193F250DF601004224C0 /* randika_perera-COBScComp191p-037.app */,
				58271955250DF606004224C0 /* randika_perera-COBScComp191p-037Tests.xctest */,
				58271960250DF606004224C0 /* randika_perera-COBScComp191p-037UITests.xctest */,
			);
			name = Products;
			sourceTree = "<group>";
		};
		58271941250DF601004224C0 /* randika_perera-COBScComp191p-037 */ = {
			isa = PBXGroup;
			children = (
				58271942250DF601004224C0 /* AppDelegate.swift */,
				58271944250DF601004224C0 /* SceneDelegate.swift */,
				58271946250DF601004224C0 /* ViewController.swift */,
				58271948250DF601004224C0 /* Main.storyboard */,
				5827194B250DF606004224C0 /* Assets.xcassets */,
				5827194D250DF606004224C0 /* LaunchScreen.storyboard */,
				58271950250DF606004224C0 /* Info.plist */,
			);
			path = "randika_perera-COBScComp191p-037";
			sourceTree = "<group>";
		};
		58271958250DF606004224C0 /* randika_perera-COBScComp191p-037Tests */ = {
			isa = PBXGroup;
			children = (
				58271959250DF606004224C0 /* randika_perera_COBScComp191p_037Tests.swift */,
				5827195B250DF606004224C0 /* Info.plist */,
			);
			path = "randika_perera-COBScComp191p-037Tests";
			sourceTree = "<group>";
		};
		58271963250DF606004224C0 /* randika_perera-COBScComp191p-037UITests */ = {
			isa = PBXGroup;
			children = (
				58271964250DF606004224C0 /* randika_perera_COBScComp191p_037UITests.swift */,
				58271966250DF606004224C0 /* Info.plist */,
			);
			path = "randika_perera-COBScComp191p-037UITests";
			sourceTree = "<group>";
		};
/* End PBXGroup section */

/* Begin PBXNativeTarget section */
		5827193E250DF601004224C0 /* randika_perera-COBScComp191p-037 */ = {
			isa = PBXNativeTarget;
			buildConfigurationList = 58271969250DF606004224C0 /* Build configuration list for PBXNativeTarget "randika_perera-COBScComp191p-037" */;
			buildPhases = (
				5827193B250DF601004224C0 /* Sources */,
				5827193C250DF601004224C0 /* Frameworks */,
				5827193D250DF601004224C0 /* Resources */,
			);
			buildRules = (
			);
			dependencies = (
			);
			name = "randika_perera-COBScComp191p-037";
			productName = "randika_perera-COBScComp191p-037";
			productReference = 5827193F250DF601004224C0 /* randika_perera-COBScComp191p-037.app */;
			productType = "com.apple.product-type.application";
		};
		58271954250DF606004224C0 /* randika_perera-COBScComp191p-037Tests */ = {
			isa = PBXNativeTarget;
			buildConfigurationList = 5827196C250DF606004224C0 /* Build configuration list for PBXNativeTarget "randika_perera-COBScComp191p-037Tests" */;
			buildPhases = (
				58271951250DF606004224C0 /* Sources */,
				58271952250DF606004224C0 /* Frameworks */,
				58271953250DF606004224C0 /* Resources */,
			);
			buildRules = (
			);
			dependencies = (
				58271957250DF606004224C0 /* PBXTargetDependency */,
			);
			name = "randika_perera-COBScComp191p-037Tests";
			productName = "randika_perera-COBScComp191p-037Tests";
			productReference = 58271955250DF606004224C0 /* randika_perera-COBScComp191p-037Tests.xctest */;
			productType = "com.apple.product-type.bundle.unit-test";
		};
		5827195F250DF606004224C0 /* randika_perera-COBScComp191p-037UITests */ = {
			isa = PBXNativeTarget;
			buildConfigurationList = 5827196F250DF606004224C0 /* Build configuration list for PBXNativeTarget "randika_perera-COBScComp191p-037UITests" */;
			buildPhases = (
				5827195C250DF606004224C0 /* Sources */,
				5827195D250DF606004224C0 /* Frameworks */,
				5827195E250DF606004224C0 /* Resources */,
			);
			buildRules = (
			);
			dependencies = (
				58271962250DF606004224C0 /* PBXTargetDependency */,
			);
			name = "randika_perera-COBScComp191p-037UITests";
			productName = "randika_perera-COBScComp191p-037UITests";
			productReference = 58271960250DF606004224C0 /* randika_perera-COBScComp191p-037UITests.xctest */;
			productType = "com.apple.product-type.bundle.ui-testing";
		};
/* End PBXNativeTarget section */

/* Begin PBXProject section */
		58271937250DF601004224C0 /* Project object */ = {
			isa = PBXProject;
			attributes = {
				LastSwiftUpdateCheck = 1160;
				LastUpgradeCheck = 1160;
				ORGANIZATIONNAME = "Randika Perera";
				TargetAttributes = {
					5827193E250DF601004224C0 = {
						CreatedOnToolsVersion = 11.6;
					};
					58271954250DF606004224C0 = {
						CreatedOnToolsVersion = 11.6;
						TestTargetID = 5827193E250DF601004224C0;
					};
					5827195F250DF606004224C0 = {
						CreatedOnToolsVersion = 11.6;
						TestTargetID = 5827193E250DF601004224C0;
					};
				};
			};
			buildConfigurationList = 5827193A250DF601004224C0 /* Build configuration list for PBXProject "randika_perera-COBScComp191p-037" */;
			compatibilityVersion = "Xcode 9.3";
			developmentRegion = en;
			hasScannedForEncodings = 0;
			knownRegions = (
				en,
				Base,
			);
			mainGroup = 58271936250DF601004224C0;
			productRefGroup = 58271940250DF601004224C0 /* Products */;
			projectDirPath = "";
			projectRoot = "";
			targets = (
				5827193E250DF601004224C0 /* randika_perera-COBScComp191p-037 */,
				58271954250DF606004224C0 /* randika_perera-COBScComp191p-037Tests */,
				5827195F250DF606004224C0 /* randika_perera-COBScComp191p-037UITests */,
			);
		};
/* End PBXProject section */

/* Begin PBXResourcesBuildPhase section */
		5827193D250DF601004224C0 /* Resources */ = {
			isa = PBXResourcesBuildPhase;
			buildActionMask = 2147483647;
			files = (
				5827194F250DF606004224C0 /* LaunchScreen.storyboard in Resources */,
				5827194C250DF606004224C0 /* Assets.xcassets in Resources */,
				5827194A250DF601004224C0 /* Main.storyboard in Resources */,
			);
			runOnlyForDeploymentPostprocessing = 0;
		};
		58271953250DF606004224C0 /* Resources */ = {
			isa = PBXResourcesBuildPhase;
			buildActionMask = 2147483647;
			files = (
			);
			runOnlyForDeploymentPostprocessing = 0;
		};
		5827195E250DF606004224C0 /* Resources */ = {
			isa = PBXResourcesBuildPhase;
			buildActionMask = 2147483647;
			files = (
			);
			runOnlyForDeploymentPostprocessing = 0;
		};
/* End PBXResourcesBuildPhase section */

/* Begin PBXSourcesBuildPhase section */
		5827193B250DF601004224C0 /* Sources */ = {
			isa = PBXSourcesBuildPhase;
			buildActionMask = 2147483647;
			files = (
				58271947250DF601004224C0 /* ViewController.swift in Sources */,
				58271943250DF601004224C0 /* AppDelegate.swift in Sources */,
				58271945250DF601004224C0 /* SceneDelegate.swift in Sources */,
			);
			runOnlyForDeploymentPostprocessing = 0;
		};
		58271951250DF606004224C0 /* Sources */ = {
			isa = PBXSourcesBuildPhase;
			buildActionMask = 2147483647;
			files = (
				5827195A250DF606004224C0 /* randika_perera_COBScComp191p_037Tests.swift in Sources */,
			);
			runOnlyForDeploymentPostprocessing = 0;
		};
		5827195C250DF606004224C0 /* Sources */ = {
			isa = PBXSourcesBuildPhase;
			buildActionMask = 2147483647;
			files = (
				58271965250DF606004224C0 /* randika_perera_COBScComp191p_037UITests.swift in Sources */,
			);
			runOnlyForDeploymentPostprocessing = 0;
		};
/* End PBXSourcesBuildPhase section */

/* Begin PBXTargetDependency section */
		58271957250DF606004224C0 /* PBXTargetDependency */ = {
			isa = PBXTargetDependency;
			target = 5827193E250DF601004224C0 /* randika_perera-COBScComp191p-037 */;
			targetProxy = 58271956250DF606004224C0 /* PBXContainerItemProxy */;
		};
		58271962250DF606004224C0 /* PBXTargetDependency */ = {
			isa = PBXTargetDependency;
			target = 5827193E250DF601004224C0 /* randika_perera-COBScComp191p-037 */;
			targetProxy = 58271961250DF606004224C0 /* PBXContainerItemProxy */;
		};
/* End PBXTargetDependency section */

/* Begin PBXVariantGroup section */
		58271948250DF601004224C0 /* Main.storyboard */ = {
			isa = PBXVariantGroup;
			children = (
				58271949250DF601004224C0 /* Base */,
			);
			name = Main.storyboard;
			sourceTree = "<group>";
		};
		5827194D250DF606004224C0 /* LaunchScreen.storyboard */ = {
			isa = PBXVariantGroup;
			children = (
				5827194E250DF606004224C0 /* Base */,
			);
			name = LaunchScreen.storyboard;
			sourceTree = "<group>";
		};
/* End PBXVariantGroup section */

/* Begin XCBuildConfiguration section */
		58271967250DF606004224C0 /* Debug */ = {
			isa = XCBuildConfiguration;
			buildSettings = {
				ALWAYS_SEARCH_USER_PATHS = NO;
				CLANG_ANALYZER_NONNULL = YES;
				CLANG_ANALYZER_NUMBER_OBJECT_CONVERSION = YES_AGGRESSIVE;
				CLANG_CXX_LANGUAGE_STANDARD = "gnu++14";
				CLANG_CXX_LIBRARY = "libc++";
				CLANG_ENABLE_MODULES = YES;
				CLANG_ENABLE_OBJC_ARC = YES;
				CLANG_ENABLE_OBJC_WEAK = YES;
				CLANG_WARN_BLOCK_CAPTURE_AUTORELEASING = YES;
				CLANG_WARN_BOOL_CONVERSION = YES;
				CLANG_WARN_COMMA = YES;
				CLANG_WARN_CONSTANT_CONVERSION = YES;
				CLANG_WARN_DEPRECATED_OBJC_IMPLEMENTATIONS = YES;
				CLANG_WARN_DIRECT_OBJC_ISA_USAGE = YES_ERROR;
				CLANG_WARN_DOCUMENTATION_COMMENTS = YES;
				CLANG_WARN_EMPTY_BODY = YES;
				CLANG_WARN_ENUM_CONVERSION = YES;
				CLANG_WARN_INFINITE_RECURSION = YES;
				CLANG_WARN_INT_CONVERSION = YES;
				CLANG_WARN_NON_LITERAL_NULL_CONVERSION = YES;
				CLANG_WARN_OBJC_IMPLICIT_RETAIN_SELF = YES;
				CLANG_WARN_OBJC_LITERAL_CONVERSION = YES;
				CLANG_WARN_OBJC_ROOT_CLASS = YES_ERROR;
				CLANG_WARN_RANGE_LOOP_ANALYSIS = YES;
				CLANG_WARN_STRICT_PROTOTYPES = YES;
				CLANG_WARN_SUSPICIOUS_MOVE = YES;
				CLANG_WARN_UNGUARDED_AVAILABILITY = YES_AGGRESSIVE;
				CLANG_WARN_UNREACHABLE_CODE = YES;
				CLANG_WARN__DUPLICATE_METHOD_MATCH = YES;
				COPY_PHASE_STRIP = NO;
				DEBUG_INFORMATION_FORMAT = dwarf;
				ENABLE_STRICT_OBJC_MSGSEND = YES;
				ENABLE_TESTABILITY = YES;
				GCC_C_LANGUAGE_STANDARD = gnu11;
				GCC_DYNAMIC_NO_PIC = NO;
				GCC_NO_COMMON_BLOCKS = YES;
				GCC_OPTIMIZATION_LEVEL = 0;
				GCC_PREPROCESSOR_DEFINITIONS = (
					"DEBUG=1",
					"$(inherited)",
				);
				GCC_WARN_64_TO_32_BIT_CONVERSION = YES;
				GCC_WARN_ABOUT_RETURN_TYPE = YES_ERROR;
				GCC_WARN_UNDECLARED_SELECTOR = YES;
				GCC_WARN_UNINITIALIZED_AUTOS = YES_AGGRESSIVE;
				GCC_WARN_UNUSED_FUNCTION = YES;
				GCC_WARN_UNUSED_VARIABLE = YES;
				IPHONEOS_DEPLOYMENT_TARGET = 13.6;
				MTL_ENABLE_DEBUG_INFO = INCLUDE_SOURCE;
				MTL_FAST_MATH = YES;
				ONLY_ACTIVE_ARCH = YES;
				SDKROOT = iphoneos;
				SWIFT_ACTIVE_COMPILATION_CONDITIONS = DEBUG;
				SWIFT_OPTIMIZATION_LEVEL = "-Onone";
			};
			name = Debug;
		};
		58271968250DF606004224C0 /* Release */ = {
			isa = XCBuildConfiguration;
			buildSettings = {
				ALWAYS_SEARCH_USER_PATHS = NO;
				CLANG_ANALYZER_NONNULL = YES;
				CLANG_ANALYZER_NUMBER_OBJECT_CONVERSION = YES_AGGRESSIVE;
				CLANG_CXX_LANGUAGE_STANDARD = "gnu++14";
				CLANG_CXX_LIBRARY = "libc++";
				CLANG_ENABLE_MODULES = YES;
				CLANG_ENABLE_OBJC_ARC = YES;
				CLANG_ENABLE_OBJC_WEAK = YES;
				CLANG_WARN_BLOCK_CAPTURE_AUTORELEASING = YES;
				CLANG_WARN_BOOL_CONVERSION = YES;
				CLANG_WARN_COMMA = YES;
				CLANG_WARN_CONSTANT_CONVERSION = YES;
				CLANG_WARN_DEPRECATED_OBJC_IMPLEMENTATIONS = YES;
				CLANG_WARN_DIRECT_OBJC_ISA_USAGE = YES_ERROR;
				CLANG_WARN_DOCUMENTATION_COMMENTS = YES;
				CLANG_WARN_EMPTY_BODY = YES;
				CLANG_WARN_ENUM_CONVERSION = YES;
				CLANG_WARN_INFINITE_RECURSION = YES;
				CLANG_WARN_INT_CONVERSION = YES;
				CLANG_WARN_NON_LITERAL_NULL_CONVERSION = YES;
				CLANG_WARN_OBJC_IMPLICIT_RETAIN_SELF = YES;
				CLANG_WARN_OBJC_LITERAL_CONVERSION = YES;
				CLANG_WARN_OBJC_ROOT_CLASS = YES_ERROR;
				CLANG_WARN_RANGE_LOOP_ANALYSIS = YES;
				CLANG_WARN_STRICT_PROTOTYPES = YES;
				CLANG_WARN_SUSPICIOUS_MOVE = YES;
				CLANG_WARN_UNGUARDED_AVAILABILITY = YES_AGGRESSIVE;
				CLANG_WARN_UNREACHABLE_CODE = YES;
				CLANG_WARN__DUPLICATE_METHOD_MATCH = YES;
				COPY_PHASE_STRIP = NO;
				DEBUG_INFORMATION_FORMAT = "dwarf-with-dsym";
				ENABLE_NS_ASSERTIONS = NO;
				ENABLE_STRICT_OBJC_MSGSEND = YES;
				GCC_C_LANGUAGE_STANDARD = gnu11;
				GCC_NO_COMMON_BLOCKS = YES;
				GCC_WARN_64_TO_32_BIT_CONVERSION = YES;
				GCC_WARN_ABOUT_RETURN_TYPE = YES_ERROR;
				GCC_WARN_UNDECLARED_SELECTOR = YES;
				GCC_WARN_UNINITIALIZED_AUTOS = YES_AGGRESSIVE;
				GCC_WARN_UNUSED_FUNCTION = YES;
				GCC_WARN_UNUSED_VARIABLE = YES;
				IPHONEOS_DEPLOYMENT_TARGET = 13.6;
				MTL_ENABLE_DEBUG_INFO = NO;
				MTL_FAST_MATH = YES;
				SDKROOT = iphoneos;
				SWIFT_COMPILATION_MODE = wholemodule;
				SWIFT_OPTIMIZATION_LEVEL = "-O";
				VALIDATE_PRODUCT = YES;
			};
			name = Release;
		};
		5827196A250DF606004224C0 /* Debug */ = {
			isa = XCBuildConfiguration;
			buildSettings = {
				ASSETCATALOG_COMPILER_APPICON_NAME = AppIcon;
				CODE_SIGN_STYLE = Automatic;
				DEVELOPMENT_TEAM = HSJKFVPTWS;
				INFOPLIST_FILE = "randika_perera-COBScComp191p-037/Info.plist";
				LD_RUNPATH_SEARCH_PATHS = (
					"$(inherited)",
					"@executable_path/Frameworks",
				);
				PRODUCT_BUNDLE_IDENTIFIER = "com.randikaperera.randika-perera-COBScComp191p-037";
				PRODUCT_NAME = "$(TARGET_NAME)";
				SWIFT_VERSION = 5.0;
				TARGETED_DEVICE_FAMILY = "1,2";
			};
			name = Debug;
		};
		5827196B250DF606004224C0 /* Release */ = {
			isa = XCBuildConfiguration;
			buildSettings = {
				ASSETCATALOG_COMPILER_APPICON_NAME = AppIcon;
				CODE_SIGN_STYLE = Automatic;
				DEVELOPMENT_TEAM = HSJKFVPTWS;
				INFOPLIST_FILE = "randika_perera-COBScComp191p-037/Info.plist";
				LD_RUNPATH_SEARCH_PATHS = (
					"$(inherited)",
					"@executable_path/Frameworks",
				);
				PRODUCT_BUNDLE_IDENTIFIER = "com.randikaperera.randika-perera-COBScComp191p-037";
				PRODUCT_NAME = "$(TARGET_NAME)";
				SWIFT_VERSION = 5.0;
				TARGETED_DEVICE_FAMILY = "1,2";
			};
			name = Release;
		};
		5827196D250DF606004224C0 /* Debug */ = {
			isa = XCBuildConfiguration;
			buildSettings = {
				ALWAYS_EMBED_SWIFT_STANDARD_LIBRARIES = YES;
				BUNDLE_LOADER = "$(TEST_HOST)";
				CODE_SIGN_STYLE = Automatic;
				DEVELOPMENT_TEAM = HSJKFVPTWS;
				INFOPLIST_FILE = "randika_perera-COBScComp191p-037Tests/Info.plist";
				IPHONEOS_DEPLOYMENT_TARGET = 13.6;
				LD_RUNPATH_SEARCH_PATHS = (
					"$(inherited)",
					"@executable_path/Frameworks",
					"@loader_path/Frameworks",
				);
				PRODUCT_BUNDLE_IDENTIFIER = "com.randikaperera.randika-perera-COBScComp191p-037Tests";
				PRODUCT_NAME = "$(TARGET_NAME)";
				SWIFT_VERSION = 5.0;
				TARGETED_DEVICE_FAMILY = "1,2";
				TEST_HOST = "$(BUILT_PRODUCTS_DIR)/randika_perera-COBScComp191p-037.app/randika_perera-COBScComp191p-037";
			};
			name = Debug;
		};
		5827196E250DF606004224C0 /* Release */ = {
			isa = XCBuildConfiguration;
			buildSettings = {
				ALWAYS_EMBED_SWIFT_STANDARD_LIBRARIES = YES;
				BUNDLE_LOADER = "$(TEST_HOST)";
				CODE_SIGN_STYLE = Automatic;
				DEVELOPMENT_TEAM = HSJKFVPTWS;
				INFOPLIST_FILE = "randika_perera-COBScComp191p-037Tests/Info.plist";
				IPHONEOS_DEPLOYMENT_TARGET = 13.6;
				LD_RUNPATH_SEARCH_PATHS = (
					"$(inherited)",
					"@executable_path/Frameworks",
					"@loader_path/Frameworks",
				);
				PRODUCT_BUNDLE_IDENTIFIER = "com.randikaperera.randika-perera-COBScComp191p-037Tests";
				PRODUCT_NAME = "$(TARGET_NAME)";
				SWIFT_VERSION = 5.0;
				TARGETED_DEVICE_FAMILY = "1,2";
				TEST_HOST = "$(BUILT_PRODUCTS_DIR)/randika_perera-COBScComp191p-037.app/randika_perera-COBScComp191p-037";
			};
			name = Release;
		};
		58271970250DF606004224C0 /* Debug */ = {
			isa = XCBuildConfiguration;
			buildSettings = {
				ALWAYS_EMBED_SWIFT_STANDARD_LIBRARIES = YES;
				CODE_SIGN_STYLE = Automatic;
				DEVELOPMENT_TEAM = HSJKFVPTWS;
				INFOPLIST_FILE = "randika_perera-COBScComp191p-037UITests/Info.plist";
				LD_RUNPATH_SEARCH_PATHS = (
					"$(inherited)",
					"@executable_path/Frameworks",
					"@loader_path/Frameworks",
				);
				PRODUCT_BUNDLE_IDENTIFIER = "com.randikaperera.randika-perera-COBScComp191p-037UITests";
				PRODUCT_NAME = "$(TARGET_NAME)";
				SWIFT_VERSION = 5.0;
				TARGETED_DEVICE_FAMILY = "1,2";
				TEST_TARGET_NAME = "randika_perera-COBScComp191p-037";
			};
			name = Debug;
		};
		58271971250DF606004224C0 /* Release */ = {
			isa = XCBuildConfiguration;
			buildSettings = {
				ALWAYS_EMBED_SWIFT_STANDARD_LIBRARIES = YES;
				CODE_SIGN_STYLE = Automatic;
				DEVELOPMENT_TEAM = HSJKFVPTWS;
				INFOPLIST_FILE = "randika_perera-COBScComp191p-037UITests/Info.plist";
				LD_RUNPATH_SEARCH_PATHS = (
					"$(inherited)",
					"@executable_path/Frameworks",
					"@loader_path/Frameworks",
				);
				PRODUCT_BUNDLE_IDENTIFIER = "com.randikaperera.randika-perera-COBScComp191p-037UITests";
				PRODUCT_NAME = "$(TARGET_NAME)";
				SWIFT_VERSION = 5.0;
				TARGETED_DEVICE_FAMILY = "1,2";
				TEST_TARGET_NAME = "randika_perera-COBScComp191p-037";
			};
			name = Release;
		};
/* End XCBuildConfiguration section */

/* Begin XCConfigurationList section */
		5827193A250DF601004224C0 /* Build configuration list for PBXProject "randika_perera-COBScComp191p-037" */ = {
			isa = XCConfigurationList;
			buildConfigurations = (
				58271967250DF606004224C0 /* Debug */,
				58271968250DF606004224C0 /* Release */,
			);
			defaultConfigurationIsVisible = 0;
			defaultConfigurationName = Release;
		};
		58271969250DF606004224C0 /* Build configuration list for PBXNativeTarget "randika_perera-COBScComp191p-037" */ = {
			isa = XCConfigurationList;
			buildConfigurations = (
				5827196A250DF606004224C0 /* Debug */,
				5827196B250DF606004224C0 /* Release */,
			);
			defaultConfigurationIsVisible = 0;
			defaultConfigurationName = Release;
		};
		5827196C250DF606004224C0 /* Build configuration list for PBXNativeTarget "randika_perera-COBScComp191p-037Tests" */ = {
			isa = XCConfigurationList;
			buildConfigurations = (
				5827196D250DF606004224C0 /* Debug */,
				5827196E250DF606004224C0 /* Release */,
			);
			defaultConfigurationIsVisible = 0;
			defaultConfigurationName = Release;
		};
		5827196F250DF606004224C0 /* Build configuration list for PBXNativeTarget "randika_perera-COBScComp191p-037UITests" */ = {
			isa = XCConfigurationList;
			buildConfigurations = (
				58271970250DF606004224C0 /* Debug */,
				58271971250DF606004224C0 /* Release */,
			);
			defaultConfigurationIsVisible = 0;
			defaultConfigurationName = Release;
		};
/* End XCConfigurationList section */
	};
	rootObject = 58271937250DF601004224C0 /* Project object */;
}
